Microsoft Visual Studio Solution File, Format Version 12.00
# Visual Studio Version 17
VisualStudioVersion = 17.5.2.0
MinimumVisualStudioVersion = 10.0.40219.1
Project("{FAE04EC0-301F-11D3-BF4B-00C04F79EFBC}") = "trippack", "trippack.csproj", "{539148CB-CA12-BFEF-17DC-B0504A7D9ECF}"
EndProject
Global
	GlobalSection(SolutionConfigurationPlatforms) = preSolution
		Debug|Any CPU = Debug|Any CPU
		Release|Any CPU = Release|Any CPU
	EndGlobalSection
	GlobalSection(ProjectConfigurationPlatforms) = postSolution
		{539148CB-CA12-BFEF-17DC-B0504A7D9ECF}.Debug|Any CPU.ActiveCfg = Debug|Any CPU
		{539148CB-CA12-BFEF-17DC-B0504A7D9ECF}.Debug|Any CPU.Build.0 = Debug|Any CPU
		{539148CB-CA12-BFEF-17DC-B0504A7D9ECF}.Release|Any CPU.ActiveCfg = Release|Any CPU
		{539148CB-CA12-BFEF-17DC-B0504A7D9ECF}.Release|Any CPU.Build.0 = Release|Any CPU
	EndGlobalSection
	GlobalSection(SolutionProperties) = preSolution
		HideSolutionNode = FALSE
	EndGlobalSection
	GlobalSection(ExtensibilityGlobals) = postSolution
		SolutionGuid = {82B8AE03-BD00-420D-9480-C1164F24186B}
	EndGlobalSection
EndGlobal
